
Microsoft Visual Studio Solution File, Format Version 12.00
# Visual Studio Version 17
VisualStudioVersion = 17.13.35919.96 d17.13
MinimumVisualStudioVersion = 10.0.40219.1
Project("{8BC9CEB8-8B4A-11D0-8D11-00A0C91BC942}") = "간단한그림판", "간단한그림판\간단한그림판.vcxproj", "{17DCD221-E9F2-4100-95A5-73276BC946DD}"
EndProject
Global
	GlobalSection(SolutionConfigurationPlatforms) = preSolution
		Debug|x64 = Debug|x64
		Debug|x86 = Debug|x86
		Release|x64 = Release|x64
		Release|x86 = Release|x86
	EndGlobalSection
	GlobalSection(ProjectConfigurationPlatforms) = postSolution
		{17DCD221-E9F2-4100-95A5-73276BC946DD}.Debug|x64.ActiveCfg = Debug|x64
		{17DCD221-E9F2-4100-95A5-73276BC946DD}.Debug|x64.Build.0 = Debug|x64
		{17DCD221-E9F2-4100-95A5-73276BC946DD}.Debug|x86.ActiveCfg = Debug|Win32
		{17DCD221-E9F2-4100-95A5-73276BC946DD}.Debug|x86.Build.0 = Debug|Win32
		{17DCD221-E9F2-4100-95A5-73276BC946DD}.Release|x64.ActiveCfg = Release|x64
		{17DCD221-E9F2-4100-95A5-73276BC946DD}.Release|x64.Build.0 = Release|x64
		{17DCD221-E9F2-4100-95A5-73276BC946DD}.Release|x86.ActiveCfg = Release|Win32
		{17DCD221-E9F2-4100-95A5-73276BC946DD}.Release|x86.Build.0 = Release|Win32
	EndGlobalSection
	GlobalSection(SolutionProperties) = preSolution
		HideSolutionNode = FALSE
	EndGlobalSection
	GlobalSection(ExtensibilityGlobals) = postSolution
		SolutionGuid = {956472B6-7A42-4D3A-A469-D82B1A147C20}
	EndGlobalSection
EndGlobal
